{
  "name": "stream",
  "version": "0.1.0",
  "lockfileVersion": 3,
  "requires": true,
  "packages": {
    "": {
      "name": "stream",
      "version": "0.1.0",
      "dependencies": {
        "@appport/sdk": "^1.1.21",
        "@feltdb/core": "^0.11.8"
      },
      "bin": {
        "stream": "src/cli.js"
      },
      "engines": {
        "node": ">=20"
      }
    },
    "node_modules/@appport/authorization": {
      "version": "1.0.1",
      "resolved": "https://registry.npmjs.org/@appport/authorization/-/authorization-1.0.1.tgz",
      "integrity": "sha512-jno2KU8PfZ3uGH6tUWfjm4cWsOuU6fbn/GibrN7zbP5Vnwzcp37yy6kGlnwoDizX2h/dOWbllbtTEh0wQv4wNg==",
      "license": "Apache-2.0",
      "dependencies": {
        "@appport/protocol": "1.0.1"
      }
    },
    "node_modules/@appport/client": {
      "version": "1.0.1",
      "resolved": "https://registry.npmjs.org/@appport/client/-/client-1.0.1.tgz",
      "integrity": "sha512-7EquPNdjnHE/Vo95+juT7uyJaDlIoJLF5RVDV22W+tHlGYl8HdMDN+hrUCf8f2diqyk4unjZgQhOCjkZrBatbg==",
      "license": "Apache-2.0",
      "dependencies": {
        "@appport/protocol": "1.0.1"
      },
      "peerDependencies": {
        "@appport/transport-http": "1.0.1",
        "@appport/transport-websocket": "1.0.1"
      }
    },
    "node_modules/@appport/core": {
      "version": "1.0.2",
      "resolved": "https://registry.npmjs.org/@appport/core/-/core-1.0.2.tgz",
      "integrity": "sha512-BM96ivWAkM7GY6wmZS073Lhvecv0aRGDO0YJL+4BQANq++hpllLF0CfITw4WOijURxhNATuCvlFsedYtyG2PHw==",
      "license": "Apache-2.0",
      "dependencies": {
        "@appport/authorization": "1.0.1",
        "@appport/protocol": "1.0.1",
        "@appport/schema": "1.0.1"
      },
      "engines": {
        "node": ">=20"
      }
    },
    "node_modules/@appport/mcp": {
      "version": "1.0.1",
      "resolved": "https://registry.npmjs.org/@appport/mcp/-/mcp-1.0.1.tgz",
      "integrity": "sha512-hK4uIhkozGF6GpmWS7WKq5NINHHbQ7/RBZ63eyDYqjjYjSU3e2TC/eWpzTadQANJc3vU06kjqjSTzdrW4XwBEg==",
      "license": "Apache-2.0",
      "dependencies": {
        "@appport/core": "1.0.2",
        "@appport/protocol": "1.0.1"
      }
    },
    "node_modules/@appport/mobile": {
      "version": "1.0.1",
      "resolved": "https://registry.npmjs.org/@appport/mobile/-/mobile-1.0.1.tgz",
      "integrity": "sha512-daLE742tfcwDs/HK96P2vfKC6wXBh14IuQj93aSgBkvjPGFmhDYu/yzs/jP6Ph/fTiYVWylVg1feGNVd9exH+Q==",
      "license": "Apache-2.0",
      "dependencies": {
        "@appport/client": "1.0.1",
        "@appport/protocol": "1.0.1"
      }
    },
    "node_modules/@appport/protocol": {
      "version": "1.0.1",
      "resolved": "https://registry.npmjs.org/@appport/protocol/-/protocol-1.0.1.tgz",
      "integrity": "sha512-mlyLQyjHbRRJZqRG3vc0Kcnc6O7uDjTIpy3DROJgTueGI7f/qZrcBWzack+I4ZS/fPcAmkoAGyxDnMF8OmjFTg==",
      "license": "Apache-2.0"
    },
    "node_modules/@appport/schema": {
      "version": "1.0.1",
      "resolved": "https://registry.npmjs.org/@appport/schema/-/schema-1.0.1.tgz",
      "integrity": "sha512-Y7T2X2jk5BBAATtu0QtUiajnJn1S0hvYXnE8cl+vmPmZXPXjrD3PQC5fEO0J9kUtYJGNwMP2rFjisKImnwN5sw==",
      "license": "Apache-2.0",
      "dependencies": {
        "@appport/protocol": "1.0.1"
      }
    },
    "node_modules/@appport/sdk": {
      "version": "1.1.21",
      "resolved": "https://registry.npmjs.org/@appport/sdk/-/sdk-1.1.21.tgz",
      "integrity": "sha512-4Td+v4dEj5ph7vEQMr0h3IizuccUi7vNIrXa7mX95JOrEmERoh8CEl6BQQb/taCb8f/NHVDeAvcbZ4Jxdg5yug==",
      "license": "Apache-2.0",
      "dependencies": {
        "@appport/authorization": "1.0.1",
        "@appport/client": "1.0.1",
        "@appport/core": "1.0.2",
        "@appport/mcp": "1.0.1",
        "@appport/mobile": "1.0.1",
        "@appport/protocol": "1.0.1",
        "@appport/schema": "1.0.1",
        "@appport/server": "1.0.1",
        "@appport/transport-electron": "1.0.1",
        "@appport/transport-http": "1.0.1",
        "@appport/transport-inprocess": "1.0.1",
        "@appport/transport-tauri": "1.0.1",
        "@appport/transport-websocket": "1.0.1"
      },
      "engines": {
        "node": ">=20"
      }
    },
    "node_modules/@appport/server": {
      "version": "1.0.1",
      "resolved": "https://registry.npmjs.org/@appport/server/-/server-1.0.1.tgz",
      "integrity": "sha512-ZmkjAXRYGXSffyfVmdReeusEANPxii0sJtIL2v2cLu+6mBR4C3pxb4rIz4pBw+AprNsvYZ2LxqPNKBPLbfEzmQ==",
      "license": "Apache-2.0",
      "dependencies": {
        "@appport/authorization": "1.0.1",
        "@appport/core": "1.0.2",
        "@appport/protocol": "1.0.1"
      }
    },
    "node_modules/@appport/transport-electron": {
      "version": "1.0.1",
      "resolved": "https://registry.npmjs.org/@appport/transport-electron/-/transport-electron-1.0.1.tgz",
      "integrity": "sha512-gKGAsvalyHNodo2z+6geWqKpJXyOVi++W/ul/Rlpp14lbN+sw6fRuYIMkZ0PEOcYcg11nnFajUPMcTTOQwovJw==",
      "license": "Apache-2.0",
      "dependencies": {
        "@appport/client": "1.0.1",
        "@appport/protocol": "1.0.1",
        "@appport/server": "1.0.1"
      }
    },
    "node_modules/@appport/transport-http": {
      "version": "1.0.1",
      "resolved": "https://registry.npmjs.org/@appport/transport-http/-/transport-http-1.0.1.tgz",
      "integrity": "sha512-m80z5+8x4uWSiF2W3dO6/rJwBgxnqCzhwEBaOOHXWlvTRui2/Fhs7i9I/A1pluc4c7+rhQ2DBBVopeAX2xfZkQ==",
      "license": "Apache-2.0",
      "dependencies": {
        "@appport/client": "1.0.1",
        "@appport/protocol": "1.0.1"
      }
    },
    "node_modules/@appport/transport-inprocess": {
      "version": "1.0.1",
      "resolved": "https://registry.npmjs.org/@appport/transport-inprocess/-/transport-inprocess-1.0.1.tgz",
      "integrity": "sha512-E6q6TSYsnPpxI6ArXZkCtVX+OjQ5qp80FXkxf4FxOf6FDW9DwqJcXyZ6ubcJboAWwav3ISngYYEq5+Vn9WsDTQ==",
      "license": "Apache-2.0",
      "dependencies": {
        "@appport/client": "1.0.1",
        "@appport/protocol": "1.0.1",
        "@appport/server": "1.0.1"
      }
    },
    "node_modules/@appport/transport-tauri": {
      "version": "1.0.1",
      "resolved": "https://registry.npmjs.org/@appport/transport-tauri/-/transport-tauri-1.0.1.tgz",
      "integrity": "sha512-GJi57tnTdiu1tBvgfnnclQYemZJ37MgRDB11YBQyB3jLDalzl6SPnblOKikCnq7kk8ozg7s0tD+kQbOq/9531A==",
      "license": "Apache-2.0",
      "dependencies": {
        "@appport/client": "1.0.1",
        "@appport/protocol": "1.0.1"
      }
    },
    "node_modules/@appport/transport-websocket": {
      "version": "1.0.1",
      "resolved": "https://registry.npmjs.org/@appport/transport-websocket/-/transport-websocket-1.0.1.tgz",
      "integrity": "sha512-BWiuxU5QcC+M4BOiolfXzoAymBxXKmK8cMoP6rZQEcswbkXQ/h3Hs9PotCHsEfUxyRK9fBTVWy1mzUCjRUXiwA==",
      "license": "Apache-2.0",
      "dependencies": {
        "@appport/client": "1.0.1",
        "@appport/protocol": "1.0.1"
      }
    },
    "node_modules/@feltdb/core": {
      "version": "0.11.8",
      "resolved": "https://registry.npmjs.org/@feltdb/core/-/core-0.11.8.tgz",
      "integrity": "sha512-Hm/Ts8sjzhd44QkbDrZzDKUJMYnQzdBBsVatLz1Ys9CgJ2F9eiKk7VlXqw4vH5w6EgqHYGvIOs5+uZf9Iwr+MQ==",
      "license": "MIT",
      "bin": {
        "create-feltdb": "bin/create-feltdb.js",
        "feltdb": "bin/feltdb.js"
      },
      "engines": {
        "node": ">=14"
      },
      "peerDependencies": {
        "react": "^16.8.0 || ^17.0.0 || ^18.0.0 || ^19.0.0",
        "react-dom": "^16.8.0 || ^17.0.0 || ^18.0.0 || ^19.0.0",
        "react-router-dom": "^7.0.0"
      },
      "peerDependenciesMeta": {
        "react": {
          "optional": true
        },
        "react-dom": {
          "optional": true
        },
        "react-router-dom": {
          "optional": true
        }
      }
    }
  }
}
